
Microsoft Visual Studio Solution File, Format Version 12.00
# Visual Studio Version 16
VisualStudioVersion = 16.0.28922.388
MinimumVisualStudioVersion = 10.0.40219.1
Project("{9A19103F-16F7-4668-BE54-9A1E7A4F7556}") = "BupMessManagement", "BupMessManagement.csproj", "{A7C1C23E-A9F4-42AB-ABB1-4C2174A3089A}"
EndProject
Global
	GlobalSection(SolutionConfigurationPlatforms) = preSolution
		Debug|Any CPU = Debug|Any CPU
		Release|Any CPU = Release|Any CPU
	EndGlobalSection
	GlobalSection(ProjectConfigurationPlatforms) = postSolution
		{A7C1C23E-A9F4-42AB-ABB1-4C2174A3089A}.Debug|Any CPU.ActiveCfg = Debug|Any CPU
		{A7C1C23E-A9F4-42AB-ABB1-4C2174A3089A}.Debug|Any CPU.Build.0 = Debug|Any CPU
		{A7C1C23E-A9F4-42AB-ABB1-4C2174A3089A}.Release|Any CPU.ActiveCfg = Release|Any CPU
		{A7C1C23E-A9F4-42AB-ABB1-4C2174A3089A}.Release|Any CPU.Build.0 = Release|Any CPU
	EndGlobalSection
	GlobalSection(SolutionProperties) = preSolution
		HideSolutionNode = FALSE
	EndGlobalSection
	GlobalSection(ExtensibilityGlobals) = postSolution
		SolutionGuid = {B29E8FAA-F98B-4C37-A93E-125F6FA25A97}
	EndGlobalSection
EndGlobal
